
Microsoft Visual Studio Solution File, Format Version 12.00
# Visual Studio Version 16
VisualStudioVersion = 16.0.31410.357
MinimumVisualStudioVersion = 10.0.40219.1
Project("{FAE04EC0-301F-11D3-BF4B-00C04F79EFBC}") = "ApiService", "ApiService\ApiService.csproj", "{C18C9B29-0141-488C-A196-AA0A415F4056}"
EndProject
Global
	GlobalSection(SolutionConfigurationPlatforms) = preSolution
		Debug|Any CPU = Debug|Any CPU
		Release|Any CPU = Release|Any CPU
	EndGlobalSection
	GlobalSection(ProjectConfigurationPlatforms) = postSolution
		{C18C9B29-0141-488C-A196-AA0A415F4056}.Debug|Any CPU.ActiveCfg = Debug|Any CPU
		{C18C9B29-0141-488C-A196-AA0A415F4056}.Debug|Any CPU.Build.0 = Debug|Any CPU
		{C18C9B29-0141-488C-A196-AA0A415F4056}.Release|Any CPU.ActiveCfg = Release|Any CPU
		{C18C9B29-0141-488C-A196-AA0A415F4056}.Release|Any CPU.Build.0 = Release|Any CPU
	EndGlobalSection
	GlobalSection(SolutionProperties) = preSolution
		HideSolutionNode = FALSE
	EndGlobalSection
	GlobalSection(ExtensibilityGlobals) = postSolution
		SolutionGuid = {759A8E69-261E-4FC5-9577-375DB0823958}
	EndGlobalSection
EndGlobal
